// !$*UTF8*$!
{
	archiveVersion = 1;
	classes = {
	};
	objectVersion = 77;
	objects = {

/* Begin PBXBuildFile section */
		E1881CE02CE6461100572C89 /* BubbleSortAlgo.c in Sources */ = {isa = PBXBuildFile; fileRef = E1881CDF2CE6461100572C89 /* BubbleSortAlgo.c */; };
		E1881CE92CE69FD300572C89 /* SelectionSortAlgo.c in Sources */ = {isa = PBXBuildFile; fileRef = E1881CE82CE69FD300572C89 /* SelectionSortAlgo.c */; };
		E1881CF02CE760CF00572C89 /* InsertiontionSortAlgo.c in Sources */ = {isa = PBXBuildFile; fileRef = E1881CEF2CE760CF00572C89 /* InsertiontionSortAlgo.c */; };
		E1881D352CEC9B4100572C89 /* MergeSortAlgo.c in Sources */ = {isa = PBXBuildFile; fileRef = E1881D342CEC9B4100572C89 /* MergeSortAlgo.c */; };
		E1DB834D2CF5130A009DD581 /* QuickSortAlgo.c in Sources */ = {isa = PBXBuildFile; fileRef = E1DB834C2CF5130A009DD581 /* QuickSortAlgo.c */; };
/* End PBXBuildFile section */

/* Begin PBXCopyFilesBuildPhase section */
		E1881CCC2CE4DB4300572C89 /* CopyFiles */ = {
			isa = PBXCopyFilesBuildPhase;
			buildActionMask = 2147483647;
			dstPath = /usr/share/man/man1/;
			dstSubfolderSpec = 0;
			files = (
			);
			runOnlyForDeploymentPostprocessing = 1;
		};
/* End PBXCopyFilesBuildPhase section */

/* Begin PBXFileReference section */
		E1881CCE2CE4DB4300572C89 /* 08SortingAlgorithms */ = {isa = PBXFileReference; explicitFileType = "compiled.mach-o.executable"; includeInIndex = 0; path = 08SortingAlgorithms; sourceTree = BUILT_PRODUCTS_DIR; };
		E1881CDC2CE5337C00572C89 /* config.h */ = {isa = PBXFileReference; lastKnownFileType = sourcecode.c.h; name = config.h; path = 08SortingAlgorithms/config.h; sourceTree = "<group>"; };
		E1881CDD2CE6456000572C89 /* BubbleSortAlgo.h */ = {isa = PBXFileReference; lastKnownFileType = sourcecode.c.h; name = BubbleSortAlgo.h; path = 08SortingAlgorithms/BubbleSortAlgo.h; sourceTree = "<group>"; };
		E1881CDF2CE6461100572C89 /* BubbleSortAlgo.c */ = {isa = PBXFileReference; lastKnownFileType = sourcecode.c.c; name = BubbleSortAlgo.c; path = 08SortingAlgorithms/BubbleSortAlgo.c; sourceTree = "<group>"; };
		E1881CE42CE69FA200572C89 /* SelectionSortAlgo.h */ = {isa = PBXFileReference; lastKnownFileType = sourcecode.c.h; name = SelectionSortAlgo.h; path = 08SortingAlgorithms/SelectionSortAlgo.h; sourceTree = "<group>"; };
		E1881CE82CE69FD300572C89 /* SelectionSortAlgo.c */ = {isa = PBXFileReference; lastKnownFileType = sourcecode.c.c; name = SelectionSortAlgo.c; path = 08SortingAlgorithms/SelectionSortAlgo.c; sourceTree = "<group>"; };
		E1881CEB2CE7609400572C89 /* InsertionSortAlgo.h */ = {isa = PBXFileReference; lastKnownFileType = sourcecode.c.h; name = InsertionSortAlgo.h; path = 08SortingAlgorithms/InsertionSortAlgo.h; sourceTree = "<group>"; };
		E1881CEF2CE760CF00572C89 /* InsertiontionSortAlgo.c */ = {isa = PBXFileReference; lastKnownFileType = sourcecode.c.c; name = InsertiontionSortAlgo.c; path = 08SortingAlgorithms/InsertiontionSortAlgo.c; sourceTree = "<group>"; };
		E1881D332CEC9B0600572C89 /* MergeSortAlgo.h */ = {isa = PBXFileReference; lastKnownFileType = sourcecode.c.h; name = MergeSortAlgo.h; path = 08SortingAlgorithms/MergeSortAlgo.h; sourceTree = "<group>"; };
		E1881D342CEC9B4100572C89 /* MergeSortAlgo.c */ = {isa = PBXFileReference; lastKnownFileType = sourcecode.c.c; name = MergeSortAlgo.c; path = 08SortingAlgorithms/MergeSortAlgo.c; sourceTree = "<group>"; };
		E1DB834A2CF512B7009DD581 /* QuickSortAlgo.h */ = {isa = PBXFileReference; lastKnownFileType = sourcecode.c.h; name = QuickSortAlgo.h; path = 08SortingAlgorithms/QuickSortAlgo.h; sourceTree = "<group>"; };
		E1DB834C2CF5130A009DD581 /* QuickSortAlgo.c */ = {isa = PBXFileReference; lastKnownFileType = sourcecode.c.c; name = QuickSortAlgo.c; path = 08SortingAlgorithms/QuickSortAlgo.c; sourceTree = "<group>"; };
/* End PBXFileReference section */

/* Begin PBXFileSystemSynchronizedRootGroup section */
		E1881CD02CE4DB4300572C89 /* 08SortingAlgorithms */ = {
			isa = PBXFileSystemSynchronizedRootGroup;
			path = 08SortingAlgorithms;
			sourceTree = "<group>";
		};
/* End PBXFileSystemSynchronizedRootGroup section */

/* Begin PBXFrameworksBuildPhase section */
		E1881CCB2CE4DB4300572C89 /* Frameworks */ = {
			isa = PBXFrameworksBuildPhase;
			buildActionMask = 2147483647;
			files = (
			);
			runOnlyForDeploymentPostprocessing = 0;
		};
/* End PBXFrameworksBuildPhase section */

/* Begin PBXGroup section */
		E1881CC52CE4DB4300572C89 = {
			isa = PBXGroup;
			children = (
				E1881D332CEC9B0600572C89 /* MergeSortAlgo.h */,
				E1881D342CEC9B4100572C89 /* MergeSortAlgo.c */,
				E1DB834A2CF512B7009DD581 /* QuickSortAlgo.h */,
				E1DB834C2CF5130A009DD581 /* QuickSortAlgo.c */,
				E1881CEB2CE7609400572C89 /* InsertionSortAlgo.h */,
				E1881CEF2CE760CF00572C89 /* InsertiontionSortAlgo.c */,
				E1881CE42CE69FA200572C89 /* SelectionSortAlgo.h */,
				E1881CE82CE69FD300572C89 /* SelectionSortAlgo.c */,
				E1881CDD2CE6456000572C89 /* BubbleSortAlgo.h */,
				E1881CDF2CE6461100572C89 /* BubbleSortAlgo.c */,
				E1881CDC2CE5337C00572C89 /* config.h */,
				E1881CD02CE4DB4300572C89 /* 08SortingAlgorithms */,
				E1881CCF2CE4DB4300572C89 /* Products */,
			);
			sourceTree = "<group>";
		};
		E1881CCF2CE4DB4300572C89 /* Products */ = {
			isa = PBXGroup;
			children = (
				E1881CCE2CE4DB4300572C89 /* 08SortingAlgorithms */,
			);
			name = Products;
			sourceTree = "<group>";
		};
/* End PBXGroup section */

/* Begin PBXNativeTarget section */
		E1881CCD2CE4DB4300572C89 /* 08SortingAlgorithms */ = {
			isa = PBXNativeTarget;
			buildConfigurationList = E1881CD52CE4DB4300572C89 /* Build configuration list for PBXNativeTarget "08SortingAlgorithms" */;
			buildPhases = (
				E1881CCA2CE4DB4300572C89 /* Sources */,
				E1881CCB2CE4DB4300572C89 /* Frameworks */,
				E1881CCC2CE4DB4300572C89 /* CopyFiles */,
			);
			buildRules = (
			);
			dependencies = (
			);
			fileSystemSynchronizedGroups = (
				E1881CD02CE4DB4300572C89 /* 08SortingAlgorithms */,
			);
			name = 08SortingAlgorithms;
			packageProductDependencies = (
			);
			productName = 08SortingAlgorithms;
			productReference = E1881CCE2CE4DB4300572C89 /* 08SortingAlgorithms */;
			productType = "com.apple.product-type.tool";
		};
/* End PBXNativeTarget section */

/* Begin PBXProject section */
		E1881CC62CE4DB4300572C89 /* Project object */ = {
			isa = PBXProject;
			attributes = {
				BuildIndependentTargetsInParallel = 1;
				LastUpgradeCheck = 1610;
				TargetAttributes = {
					E1881CCD2CE4DB4300572C89 = {
						CreatedOnToolsVersion = 16.1;
					};
				};
			};
			buildConfigurationList = E1881CC92CE4DB4300572C89 /* Build configuration list for PBXProject "08SortingAlgorithms" */;
			developmentRegion = en;
			hasScannedForEncodings = 0;
			knownRegions = (
				en,
				Base,
			);
			mainGroup = E1881CC52CE4DB4300572C89;
			minimizedProjectReferenceProxies = 1;
			preferredProjectObjectVersion = 77;
			productRefGroup = E1881CCF2CE4DB4300572C89 /* Products */;
			projectDirPath = "";
			projectRoot = "";
			targets = (
				E1881CCD2CE4DB4300572C89 /* 08SortingAlgorithms */,
			);
		};
/* End PBXProject section */

/* Begin PBXSourcesBuildPhase section */
		E1881CCA2CE4DB4300572C89 /* Sources */ = {
			isa = PBXSourcesBuildPhase;
			buildActionMask = 2147483647;
			files = (
				E1881CF02CE760CF00572C89 /* InsertiontionSortAlgo.c in Sources */,
				E1881CE92CE69FD300572C89 /* SelectionSortAlgo.c in Sources */,
				E1881CE02CE6461100572C89 /* BubbleSortAlgo.c in Sources */,
				E1DB834D2CF5130A009DD581 /* QuickSortAlgo.c in Sources */,
				E1881D352CEC9B4100572C89 /* MergeSortAlgo.c in Sources */,
			);
			runOnlyForDeploymentPostprocessing = 0;
		};
/* End PBXSourcesBuildPhase section */

/* Begin XCBuildConfiguration section */
		E1881CD32CE4DB4300572C89 /* Debug */ = {
			isa = XCBuildConfiguration;
			buildSettings = {
				ALWAYS_SEARCH_USER_PATHS = NO;
				ASSETCATALOG_COMPILER_GENERATE_SWIFT_ASSET_SYMBOL_EXTENSIONS = YES;
				CLANG_ANALYZER_NONNULL = YES;
				CLANG_ANALYZER_NUMBER_OBJECT_CONVERSION = YES_AGGRESSIVE;
				CLANG_CXX_LANGUAGE_STANDARD = "gnu++20";
				CLANG_ENABLE_MODULES = YES;
				CLANG_ENABLE_OBJC_ARC = YES;
				CLANG_ENABLE_OBJC_WEAK = YES;
				CLANG_WARN_BLOCK_CAPTURE_AUTORELEASING = YES;
				CLANG_WARN_BOOL_CONVERSION = YES;
				CLANG_WARN_COMMA = YES;
				CLANG_WARN_CONSTANT_CONVERSION = YES;
				CLANG_WARN_DEPRECATED_OBJC_IMPLEMENTATIONS = YES;
				CLANG_WARN_DIRECT_OBJC_ISA_USAGE = YES_ERROR;
				CLANG_WARN_DOCUMENTATION_COMMENTS = YES;
				CLANG_WARN_EMPTY_BODY = YES;
				CLANG_WARN_ENUM_CONVERSION = YES;
				CLANG_WARN_INFINITE_RECURSION = YES;
				CLANG_WARN_INT_CONVERSION = YES;
				CLANG_WARN_NON_LITERAL_NULL_CONVERSION = YES;
				CLANG_WARN_OBJC_IMPLICIT_RETAIN_SELF = YES;
				CLANG_WARN_OBJC_LITERAL_CONVERSION = YES;
				CLANG_WARN_OBJC_ROOT_CLASS = YES_ERROR;
				CLANG_WARN_QUOTED_INCLUDE_IN_FRAMEWORK_HEADER = YES;
				CLANG_WARN_RANGE_LOOP_ANALYSIS = YES;
				CLANG_WARN_STRICT_PROTOTYPES = YES;
				CLANG_WARN_SUSPICIOUS_MOVE = YES;
				CLANG_WARN_UNGUARDED_AVAILABILITY = YES_AGGRESSIVE;
				CLANG_WARN_UNREACHABLE_CODE = YES;
				CLANG_WARN__DUPLICATE_METHOD_MATCH = YES;
				COPY_PHASE_STRIP = NO;
				DEBUG_INFORMATION_FORMAT = dwarf;
				ENABLE_STRICT_OBJC_MSGSEND = YES;
				ENABLE_TESTABILITY = YES;
				ENABLE_USER_SCRIPT_SANDBOXING = YES;
				GCC_C_LANGUAGE_STANDARD = gnu17;
				GCC_DYNAMIC_NO_PIC = NO;
				GCC_NO_COMMON_BLOCKS = YES;
				GCC_OPTIMIZATION_LEVEL = 0;
				GCC_PREPROCESSOR_DEFINITIONS = (
					"DEBUG=1",
					"$(inherited)",
				);
				GCC_WARN_64_TO_32_BIT_CONVERSION = YES;
				GCC_WARN_ABOUT_RETURN_TYPE = YES_ERROR;
				GCC_WARN_UNDECLARED_SELECTOR = YES;
				GCC_WARN_UNINITIALIZED_AUTOS = YES_AGGRESSIVE;
				GCC_WARN_UNUSED_FUNCTION = YES;
				GCC_WARN_UNUSED_VARIABLE = YES;
				LOCALIZATION_PREFERS_STRING_CATALOGS = YES;
				MACOSX_DEPLOYMENT_TARGET = 15.1;
				MTL_ENABLE_DEBUG_INFO = INCLUDE_SOURCE;
				MTL_FAST_MATH = YES;
				ONLY_ACTIVE_ARCH = YES;
				SDKROOT = macosx;
			};
			name = Debug;
		};
		E1881CD42CE4DB4300572C89 /* Release */ = {
			isa = XCBuildConfiguration;
			buildSettings = {
				ALWAYS_SEARCH_USER_PATHS = NO;
				ASSETCATALOG_COMPILER_GENERATE_SWIFT_ASSET_SYMBOL_EXTENSIONS = YES;
				CLANG_ANALYZER_NONNULL = YES;
				CLANG_ANALYZER_NUMBER_OBJECT_CONVERSION = YES_AGGRESSIVE;
				CLANG_CXX_LANGUAGE_STANDARD = "gnu++20";
				CLANG_ENABLE_MODULES = YES;
				CLANG_ENABLE_OBJC_ARC = YES;
				CLANG_ENABLE_OBJC_WEAK = YES;
				CLANG_WARN_BLOCK_CAPTURE_AUTORELEASING = YES;
				CLANG_WARN_BOOL_CONVERSION = YES;
				CLANG_WARN_COMMA = YES;
				CLANG_WARN_CONSTANT_CONVERSION = YES;
				CLANG_WARN_DEPRECATED_OBJC_IMPLEMENTATIONS = YES;
				CLANG_WARN_DIRECT_OBJC_ISA_USAGE = YES_ERROR;
				CLANG_WARN_DOCUMENTATION_COMMENTS = YES;
				CLANG_WARN_EMPTY_BODY = YES;
				CLANG_WARN_ENUM_CONVERSION = YES;
				CLANG_WARN_INFINITE_RECURSION = YES;
				CLANG_WARN_INT_CONVERSION = YES;
				CLANG_WARN_NON_LITERAL_NULL_CONVERSION = YES;
				CLANG_WARN_OBJC_IMPLICIT_RETAIN_SELF = YES;
				CLANG_WARN_OBJC_LITERAL_CONVERSION = YES;
				CLANG_WARN_OBJC_ROOT_CLASS = YES_ERROR;
				CLANG_WARN_QUOTED_INCLUDE_IN_FRAMEWORK_HEADER = YES;
				CLANG_WARN_RANGE_LOOP_ANALYSIS = YES;
				CLANG_WARN_STRICT_PROTOTYPES = YES;
				CLANG_WARN_SUSPICIOUS_MOVE = YES;
				CLANG_WARN_UNGUARDED_AVAILABILITY = YES_AGGRESSIVE;
				CLANG_WARN_UNREACHABLE_CODE = YES;
				CLANG_WARN__DUPLICATE_METHOD_MATCH = YES;
				COPY_PHASE_STRIP = NO;
				DEBUG_INFORMATION_FORMAT = "dwarf-with-dsym";
				ENABLE_NS_ASSERTIONS = NO;
				ENABLE_STRICT_OBJC_MSGSEND = YES;
				ENABLE_USER_SCRIPT_SANDBOXING = YES;
				GCC_C_LANGUAGE_STANDARD = gnu17;
				GCC_NO_COMMON_BLOCKS = YES;
				GCC_WARN_64_TO_32_BIT_CONVERSION = YES;
				GCC_WARN_ABOUT_RETURN_TYPE = YES_ERROR;
				GCC_WARN_UNDECLARED_SELECTOR = YES;
				GCC_WARN_UNINITIALIZED_AUTOS = YES_AGGRESSIVE;
				GCC_WARN_UNUSED_FUNCTION = YES;
				GCC_WARN_UNUSED_VARIABLE = YES;
				LOCALIZATION_PREFERS_STRING_CATALOGS = YES;
				MACOSX_DEPLOYMENT_TARGET = 15.1;
				MTL_ENABLE_DEBUG_INFO = NO;
				MTL_FAST_MATH = YES;
				SDKROOT = macosx;
			};
			name = Release;
		};
		E1881CD62CE4DB4300572C89 /* Debug */ = {
			isa = XCBuildConfiguration;
			buildSettings = {
				CODE_SIGN_STYLE = Automatic;
				PRODUCT_NAME = "$(TARGET_NAME)";
			};
			name = Debug;
		};
		E1881CD72CE4DB4300572C89 /* Release */ = {
			isa = XCBuildConfiguration;
			buildSettings = {
				CODE_SIGN_STYLE = Automatic;
				PRODUCT_NAME = "$(TARGET_NAME)";
			};
			name = Release;
		};
/* End XCBuildConfiguration section */

/* Begin XCConfigurationList section */
		E1881CC92CE4DB4300572C89 /* Build configuration list for PBXProject "08SortingAlgorithms" */ = {
			isa = XCConfigurationList;
			buildConfigurations = (
				E1881CD32CE4DB4300572C89 /* Debug */,
				E1881CD42CE4DB4300572C89 /* Release */,
			);
			defaultConfigurationIsVisible = 0;
			defaultConfigurationName = Release;
		};
		E1881CD52CE4DB4300572C89 /* Build configuration list for PBXNativeTarget "08SortingAlgorithms" */ = {
			isa = XCConfigurationList;
			buildConfigurations = (
				E1881CD62CE4DB4300572C89 /* Debug */,
				E1881CD72CE4DB4300572C89 /* Release */,
			);
			defaultConfigurationIsVisible = 0;
			defaultConfigurationName = Release;
		};
/* End XCConfigurationList section */
	};
	rootObject = E1881CC62CE4DB4300572C89 /* Project object */;
}
